{
    "_meta": {
        "hash": {
            "sha256": "633b70f516bb1c9e6c9406db352647df3d5f2822f7482dcead98fa19ebd947bb"
        },
        "pipfile-spec": 6,
        "requires": {
            "python_version": "3.10"
        },
        "sources": [
            {
                "name": "pypi",
                "url": "https://pypi.org/simple",
                "verify_ssl": true
            }
        ]
    },
    "default": {
        "coapthon3": {
            "hashes": [
                "sha256:35f0020d46bfdf33a7747de6deb5c9369eeb012d86d6cca143a91ccdf35252b1",
                "sha256:fc06a8896b78eac71a24c5af37b3ee055a2077ae58031dbf76641eaee0a28d93"
            ],
            "index": "pypi",
            "version": "==1.0.2"
        }
    },
    "develop": {}
}
