{
    "_meta": {
        "hash": {
            "sha256": "f3d3c2719eba7cffaae582545d6e4d1ba5d3d8ec9646ed7792ae3b61602c98d7"
        },
        "pipfile-spec": 6,
        "requires": {
            "python_version": "3.11"
        },
        "sources": [
            {
                "name": "pypi",
                "url": "https://pypi.org/simple",
                "verify_ssl": true
            }
        ]
    },
    "default": {
        "paho-mqtt": {
            "hashes": [
                "sha256:2a8291c81623aec00372b5a85558a372c747cbca8e9934dfe218638b8eefc26f"
            ],
            "index": "pypi",
            "version": "==1.6.1"
        }
    },
    "develop": {}
}
